
Microsoft Visual Studio Solution File, Format Version 10.00
# Visual Studio 2008
Project("{F184B08F-C81C-45F6-A57F-5ABD9991F28F}") = "Parkir", "Parkir.vbproj", "{F5244155-C1D1-43FA-A3A8-64AF4E23BF4C}"
EndProject
Global
	GlobalSection(SolutionConfigurationPlatforms) = preSolution
		Debug|Any CPU = Debug|Any CPU
		Release|Any CPU = Release|Any CPU
	EndGlobalSection
	GlobalSection(ProjectConfigurationPlatforms) = postSolution
		{F5244155-C1D1-43FA-A3A8-64AF4E23BF4C}.Debug|Any CPU.ActiveCfg = Debug|Any CPU
		{F5244155-C1D1-43FA-A3A8-64AF4E23BF4C}.Debug|Any CPU.Build.0 = Debug|Any CPU
		{F5244155-C1D1-43FA-A3A8-64AF4E23BF4C}.Release|Any CPU.ActiveCfg = Release|Any CPU
		{F5244155-C1D1-43FA-A3A8-64AF4E23BF4C}.Release|Any CPU.Build.0 = Release|Any CPU
	EndGlobalSection
	GlobalSection(SolutionProperties) = preSolution
		HideSolutionNode = FALSE
	EndGlobalSection
EndGlobal
