
Microsoft Visual Studio Solution File, Format Version 10.00
# Visual Studio 2008
Project("{F184B08F-C81C-45F6-A57F-5ABD9991F28F}") = "INVENTORY", "INVENTORY.vbproj", "{E2D9B2EF-5460-46E5-8020-26B8C7B177E2}"
EndProject
Global
	GlobalSection(SolutionConfigurationPlatforms) = preSolution
		Debug|Any CPU = Debug|Any CPU
		Release|Any CPU = Release|Any CPU
	EndGlobalSection
	GlobalSection(ProjectConfigurationPlatforms) = postSolution
		{E2D9B2EF-5460-46E5-8020-26B8C7B177E2}.Debug|Any CPU.ActiveCfg = Debug|Any CPU
		{E2D9B2EF-5460-46E5-8020-26B8C7B177E2}.Debug|Any CPU.Build.0 = Debug|Any CPU
		{E2D9B2EF-5460-46E5-8020-26B8C7B177E2}.Release|Any CPU.ActiveCfg = Release|Any CPU
		{E2D9B2EF-5460-46E5-8020-26B8C7B177E2}.Release|Any CPU.Build.0 = Release|Any CPU
	EndGlobalSection
	GlobalSection(SolutionProperties) = preSolution
		HideSolutionNode = FALSE
	EndGlobalSection
EndGlobal
